
Microsoft Visual Studio Solution File, Format Version 12.00
# Visual Studio Version 17
VisualStudioVersion = 17.5.33516.290
MinimumVisualStudioVersion = 10.0.40219.1
Project("{FAE04EC0-301F-11D3-BF4B-00C04F79EFBC}") = "km Auto Rental", "km Auto Rental\km Auto Rental.csproj", "{5D24104E-85C0-4B27-8D9A-46BC8B30D446}"
EndProject
Global
	GlobalSection(SolutionConfigurationPlatforms) = preSolution
		Debug|Any CPU = Debug|Any CPU
		Release|Any CPU = Release|Any CPU
	EndGlobalSection
	GlobalSection(ProjectConfigurationPlatforms) = postSolution
		{5D24104E-85C0-4B27-8D9A-46BC8B30D446}.Debug|Any CPU.ActiveCfg = Debug|Any CPU
		{5D24104E-85C0-4B27-8D9A-46BC8B30D446}.Debug|Any CPU.Build.0 = Debug|Any CPU
		{5D24104E-85C0-4B27-8D9A-46BC8B30D446}.Release|Any CPU.ActiveCfg = Release|Any CPU
		{5D24104E-85C0-4B27-8D9A-46BC8B30D446}.Release|Any CPU.Build.0 = Release|Any CPU
	EndGlobalSection
	GlobalSection(SolutionProperties) = preSolution
		HideSolutionNode = FALSE
	EndGlobalSection
	GlobalSection(ExtensibilityGlobals) = postSolution
		SolutionGuid = {2F0DD7F9-9F68-4555-80F6-4AA012B765FE}
	EndGlobalSection
EndGlobal
